{
  "requires": true,
  "lockfileVersion": 1,
  "dependencies": {
    "types-registry": {
      "version": "0.1.297",
      "resolved": "https://registry.npmjs.org/types-registry/-/types-registry-0.1.297.tgz",
      "integrity": "sha512-foOxuvgvbl0SBMUdb9Hd2xd+QOhGG/CRYUzzIU2ISKY2ixlMTiUzo6h+Mw02WUE9MGvRy8DZUgAtpA3Yden9Iw=="
    }
  }
}
